
Microsoft Visual Studio Solution File, Format Version 12.00
# Visual Studio Version 17
VisualStudioVersion = 17.9.34622.214
MinimumVisualStudioVersion = 10.0.40219.1
Project("{FAE04EC0-301F-11D3-BF4B-00C04F79EFBC}") = "Valutavaltok", "Valutavaltok.csproj", "{74C42D7F-3483-4627-8DA7-D4082280A8B6}"
EndProject
Global
	GlobalSection(SolutionConfigurationPlatforms) = preSolution
		Debug|Any CPU = Debug|Any CPU
		Release|Any CPU = Release|Any CPU
	EndGlobalSection
	GlobalSection(ProjectConfigurationPlatforms) = postSolution
		{74C42D7F-3483-4627-8DA7-D4082280A8B6}.Debug|Any CPU.ActiveCfg = Debug|Any CPU
		{74C42D7F-3483-4627-8DA7-D4082280A8B6}.Debug|Any CPU.Build.0 = Debug|Any CPU
		{74C42D7F-3483-4627-8DA7-D4082280A8B6}.Release|Any CPU.ActiveCfg = Release|Any CPU
		{74C42D7F-3483-4627-8DA7-D4082280A8B6}.Release|Any CPU.Build.0 = Release|Any CPU
	EndGlobalSection
	GlobalSection(SolutionProperties) = preSolution
		HideSolutionNode = FALSE
	EndGlobalSection
	GlobalSection(ExtensibilityGlobals) = postSolution
		SolutionGuid = {9507072D-D4D9-4EF9-B883-9C1AD73C71E9}
	EndGlobalSection
EndGlobal
